
Microsoft Visual Studio Solution File, Format Version 12.00
# Visual Studio Version 17
VisualStudioVersion = 17.2.32526.322
MinimumVisualStudioVersion = 10.0.40219.1
Project("{9A19103F-16F7-4668-BE54-9A1E7A4F7556}") = "RainWorldSCDS", "RainWorldSCDS.csproj", "{C9E86810-B401-4776-BB81-B4D7E4895ECF}"
EndProject
Global
	GlobalSection(SolutionConfigurationPlatforms) = preSolution
		Debug|Any CPU = Debug|Any CPU
		Release|Any CPU = Release|Any CPU
	EndGlobalSection
	GlobalSection(ProjectConfigurationPlatforms) = postSolution
		{C9E86810-B401-4776-BB81-B4D7E4895ECF}.Debug|Any CPU.ActiveCfg = Debug|Any CPU
		{C9E86810-B401-4776-BB81-B4D7E4895ECF}.Debug|Any CPU.Build.0 = Debug|Any CPU
		{C9E86810-B401-4776-BB81-B4D7E4895ECF}.Release|Any CPU.ActiveCfg = Release|Any CPU
		{C9E86810-B401-4776-BB81-B4D7E4895ECF}.Release|Any CPU.Build.0 = Release|Any CPU
	EndGlobalSection
	GlobalSection(SolutionProperties) = preSolution
		HideSolutionNode = FALSE
	EndGlobalSection
	GlobalSection(ExtensibilityGlobals) = postSolution
		SolutionGuid = {EAD6454E-13AA-4C26-89EC-CE0E9B547FCA}
	EndGlobalSection
EndGlobal
